
Microsoft Visual Studio Solution File, Format Version 12.00
# Visual Studio Version 17
VisualStudioVersion = 17.2.32630.192
MinimumVisualStudioVersion = 10.0.40219.1
Project("{9A19103F-16F7-4668-BE54-9A1E7A4F7556}") = "FAQProject", "FAQProject\FAQProject.csproj", "{8924E275-E9A6-4961-B642-F043F9423415}"
EndProject
Global
	GlobalSection(SolutionConfigurationPlatforms) = preSolution
		Debug|Any CPU = Debug|Any CPU
		Release|Any CPU = Release|Any CPU
	EndGlobalSection
	GlobalSection(ProjectConfigurationPlatforms) = postSolution
		{8924E275-E9A6-4961-B642-F043F9423415}.Debug|Any CPU.ActiveCfg = Debug|Any CPU
		{8924E275-E9A6-4961-B642-F043F9423415}.Debug|Any CPU.Build.0 = Debug|Any CPU
		{8924E275-E9A6-4961-B642-F043F9423415}.Release|Any CPU.ActiveCfg = Release|Any CPU
		{8924E275-E9A6-4961-B642-F043F9423415}.Release|Any CPU.Build.0 = Release|Any CPU
	EndGlobalSection
	GlobalSection(SolutionProperties) = preSolution
		HideSolutionNode = FALSE
	EndGlobalSection
	GlobalSection(ExtensibilityGlobals) = postSolution
		SolutionGuid = {7281E227-098B-423C-9032-201C99012909}
	EndGlobalSection
EndGlobal
